
Microsoft Visual Studio Solution File, Format Version 12.00
# Visual Studio 15
VisualStudioVersion = 15.0.28307.168
MinimumVisualStudioVersion = 10.0.40219.1
Project("{FAE04EC0-301F-11D3-BF4B-00C04F79EFBC}") = "OverloadHomework", "OverloadHomework\OverloadHomework.csproj", "{DDAF37D4-6DDE-4C38-AE7D-C6CFCC371990}"
EndProject
Project("{FAE04EC0-301F-11D3-BF4B-00C04F79EFBC}") = "MyClassLib", "MyClassLib\MyClassLib.csproj", "{CADDB8D7-BDBD-4C48-8729-B3E439278FC8}"
EndProject
Global
	GlobalSection(SolutionConfigurationPlatforms) = preSolution
		Debug|Any CPU = Debug|Any CPU
		Release|Any CPU = Release|Any CPU
	EndGlobalSection
	GlobalSection(ProjectConfigurationPlatforms) = postSolution
		{DDAF37D4-6DDE-4C38-AE7D-C6CFCC371990}.Debug|Any CPU.ActiveCfg = Debug|Any CPU
		{DDAF37D4-6DDE-4C38-AE7D-C6CFCC371990}.Debug|Any CPU.Build.0 = Debug|Any CPU
		{DDAF37D4-6DDE-4C38-AE7D-C6CFCC371990}.Release|Any CPU.ActiveCfg = Release|Any CPU
		{DDAF37D4-6DDE-4C38-AE7D-C6CFCC371990}.Release|Any CPU.Build.0 = Release|Any CPU
		{CADDB8D7-BDBD-4C48-8729-B3E439278FC8}.Debug|Any CPU.ActiveCfg = Debug|Any CPU
		{CADDB8D7-BDBD-4C48-8729-B3E439278FC8}.Debug|Any CPU.Build.0 = Debug|Any CPU
		{CADDB8D7-BDBD-4C48-8729-B3E439278FC8}.Release|Any CPU.ActiveCfg = Release|Any CPU
		{CADDB8D7-BDBD-4C48-8729-B3E439278FC8}.Release|Any CPU.Build.0 = Release|Any CPU
	EndGlobalSection
	GlobalSection(SolutionProperties) = preSolution
		HideSolutionNode = FALSE
	EndGlobalSection
	GlobalSection(ExtensibilityGlobals) = postSolution
		SolutionGuid = {05FB9081-5E47-479A-8E29-85BD7148C18E}
	EndGlobalSection
EndGlobal
